
Microsoft Visual Studio Solution File, Format Version 12.00
# Visual Studio Version 17
VisualStudioVersion = 17.14.36414.22
MinimumVisualStudioVersion = 10.0.40219.1
Project("{FAE04EC0-301F-11D3-BF4B-00C04F79EFBC}") = "Obelyx.API", "GameBacklog.API\Obelyx.API.csproj", "{A1A617F0-CC9F-469B-BF7F-D801B0B38290}"
EndProject
Project("{FAE04EC0-301F-11D3-BF4B-00C04F79EFBC}") = "Obelyx.Core", "GameBacklog.Domain\Obelyx.Core.csproj", "{B7D13CE3-B580-4BFD-A229-359366BE5F65}"
EndProject
Project("{54A90642-561A-4BB1-A94E-469ADEE60C69}") = "gamebacklog.frontend", "GameBacklog.Frontend\gamebacklog.frontend.esproj", "{08EC3D67-6728-B075-E408-803074A996CD}"
EndProject
Project("{FAE04EC0-301F-11D3-BF4B-00C04F79EFBC}") = "Obelyx.Data", "GameBacklog.Data\Obelyx.Data.csproj", "{1ED33F0F-6812-4A6B-B22D-322E9A51D5CB}"
EndProject
Global
	GlobalSection(SolutionConfigurationPlatforms) = preSolution
		Debug|Any CPU = Debug|Any CPU
		Release|Any CPU = Release|Any CPU
	EndGlobalSection
	GlobalSection(ProjectConfigurationPlatforms) = postSolution
		{A1A617F0-CC9F-469B-BF7F-D801B0B38290}.Debug|Any CPU.ActiveCfg = Debug|Any CPU
		{A1A617F0-CC9F-469B-BF7F-D801B0B38290}.Debug|Any CPU.Build.0 = Debug|Any CPU
		{A1A617F0-CC9F-469B-BF7F-D801B0B38290}.Release|Any CPU.ActiveCfg = Release|Any CPU
		{A1A617F0-CC9F-469B-BF7F-D801B0B38290}.Release|Any CPU.Build.0 = Release|Any CPU
		{B7D13CE3-B580-4BFD-A229-359366BE5F65}.Debug|Any CPU.ActiveCfg = Debug|Any CPU
		{B7D13CE3-B580-4BFD-A229-359366BE5F65}.Debug|Any CPU.Build.0 = Debug|Any CPU
		{B7D13CE3-B580-4BFD-A229-359366BE5F65}.Release|Any CPU.ActiveCfg = Release|Any CPU
		{B7D13CE3-B580-4BFD-A229-359366BE5F65}.Release|Any CPU.Build.0 = Release|Any CPU
		{08EC3D67-6728-B075-E408-803074A996CD}.Debug|Any CPU.ActiveCfg = Debug|Any CPU
		{08EC3D67-6728-B075-E408-803074A996CD}.Debug|Any CPU.Build.0 = Debug|Any CPU
		{08EC3D67-6728-B075-E408-803074A996CD}.Debug|Any CPU.Deploy.0 = Debug|Any CPU
		{08EC3D67-6728-B075-E408-803074A996CD}.Release|Any CPU.ActiveCfg = Release|Any CPU
		{08EC3D67-6728-B075-E408-803074A996CD}.Release|Any CPU.Build.0 = Release|Any CPU
		{08EC3D67-6728-B075-E408-803074A996CD}.Release|Any CPU.Deploy.0 = Release|Any CPU
		{1ED33F0F-6812-4A6B-B22D-322E9A51D5CB}.Debug|Any CPU.ActiveCfg = Debug|Any CPU
		{1ED33F0F-6812-4A6B-B22D-322E9A51D5CB}.Debug|Any CPU.Build.0 = Debug|Any CPU
		{1ED33F0F-6812-4A6B-B22D-322E9A51D5CB}.Release|Any CPU.ActiveCfg = Release|Any CPU
		{1ED33F0F-6812-4A6B-B22D-322E9A51D5CB}.Release|Any CPU.Build.0 = Release|Any CPU
	EndGlobalSection
	GlobalSection(SolutionProperties) = preSolution
		HideSolutionNode = FALSE
	EndGlobalSection
	GlobalSection(ExtensibilityGlobals) = postSolution
		SolutionGuid = {605B049A-B01F-4BCB-8EDF-CA3E178FF90B}
	EndGlobalSection
EndGlobal
